
Microsoft Visual Studio Solution File, Format Version 12.00
# Visual Studio Version 17
VisualStudioVersion = 17.13.35818.85
MinimumVisualStudioVersion = 10.0.40219.1
Project("{FAE04EC0-301F-11D3-BF4B-00C04F79EFBC}") = "WebAPI", "WebAPI\WebAPI.csproj", "{2BFF0179-1336-4079-A12B-AA44AE01E85A}"
EndProject
Project("{FAE04EC0-301F-11D3-BF4B-00C04F79EFBC}") = "GameInfoApplication", "GameInfoApplication\GameInfoApplication.csproj", "{3CBA1BFD-D69E-A74B-492C-EE8ED93FD30A}"
EndProject
Global
	GlobalSection(SolutionConfigurationPlatforms) = preSolution
		Debug|Any CPU = Debug|Any CPU
		Release|Any CPU = Release|Any CPU
	EndGlobalSection
	GlobalSection(ProjectConfigurationPlatforms) = postSolution
		{2BFF0179-1336-4079-A12B-AA44AE01E85A}.Debug|Any CPU.ActiveCfg = Debug|Any CPU
		{2BFF0179-1336-4079-A12B-AA44AE01E85A}.Debug|Any CPU.Build.0 = Debug|Any CPU
		{2BFF0179-1336-4079-A12B-AA44AE01E85A}.Release|Any CPU.ActiveCfg = Release|Any CPU
		{2BFF0179-1336-4079-A12B-AA44AE01E85A}.Release|Any CPU.Build.0 = Release|Any CPU
		{3CBA1BFD-D69E-A74B-492C-EE8ED93FD30A}.Debug|Any CPU.ActiveCfg = Debug|Any CPU
		{3CBA1BFD-D69E-A74B-492C-EE8ED93FD30A}.Debug|Any CPU.Build.0 = Debug|Any CPU
		{3CBA1BFD-D69E-A74B-492C-EE8ED93FD30A}.Release|Any CPU.ActiveCfg = Release|Any CPU
		{3CBA1BFD-D69E-A74B-492C-EE8ED93FD30A}.Release|Any CPU.Build.0 = Release|Any CPU
	EndGlobalSection
	GlobalSection(SolutionProperties) = preSolution
		HideSolutionNode = FALSE
	EndGlobalSection
	GlobalSection(ExtensibilityGlobals) = postSolution
		SolutionGuid = {3D58370E-E6E9-4652-AE73-5BA1C6E22E7F}
	EndGlobalSection
EndGlobal
